#MicroXplorer Configuration settings - do not modify
ADC.Channel-0\#ChannelRegularConversion=ADC_CHANNEL_20
ADC.IPParameters=Rank-0\#ChannelRegularConversion,Channel-0\#ChannelRegularConversion,SamplingTime-0\#ChannelRegularConversion,NbrOfConversionFlag
ADC.NbrOfConversionFlag=1
ADC.Rank-0\#ChannelRegularConversion=1
ADC.SamplingTime-0\#ChannelRegularConversion=ADC_SAMPLETIME_4CYCLES
AL94.I-CUBE-USBD-COMPOSITE.1.0.3.CompositeCcUSBJjCOMPOSITEJjCDCIiACM=true
AL94.I-CUBE-USBD-COMPOSITE.1.0.3.CompositeCcUSBJjCOMPOSITEJjCOMPOSITE=true
AL94.I-CUBE-USBD-COMPOSITE.1.0.3.CompositeCcUSBJjCOMPOSITEJjCore=true
AL94.I-CUBE-USBD-COMPOSITE.1.0.3.CompositeCcUSBJjCOMPOSITEJjHIDIiKEYBOARD=true
AL94.I-CUBE-USBD-COMPOSITE.1.0.3.CompositeCcUSBJjCOMPOSITEJjMSCIiBOT=true
AL94.I-CUBE-USBD-COMPOSITE.1.0.3.IPParameters=_USBD_USE_CDC_ACM,_USBD_USE_HID_KEYBOARD,_USBD_USE_MSC,_STM32F1_DEVICE,_USBD_CDC_ACM_COUNT,CompositeCcUSBJjCOMPOSITEJjCore,CompositeCcUSBJjCOMPOSITEJjCDCIiACM,CompositeCcUSBJjCOMPOSITEJjHIDIiKEYBOARD,CompositeCcUSBJjCOMPOSITEJjMSCIiBOT,CompositeCcUSBJjCOMPOSITEJjCOMPOSITE
AL94.I-CUBE-USBD-COMPOSITE.1.0.3.USBJjComposite_Checked=true
AL94.I-CUBE-USBD-COMPOSITE.1.0.3._STM32F1_DEVICE=true
AL94.I-CUBE-USBD-COMPOSITE.1.0.3._USBD_CDC_ACM_COUNT=1
AL94.I-CUBE-USBD-COMPOSITE.1.0.3._USBD_USE_CDC_ACM=true
AL94.I-CUBE-USBD-COMPOSITE.1.0.3._USBD_USE_HID_KEYBOARD=true
AL94.I-CUBE-USBD-COMPOSITE.1.0.3._USBD_USE_MSC=false
AL94.I-CUBE-USBD-COMPOSITE.1.0.3_SwParameter=CompositeCcUSBJjCOMPOSITEJjHIDIiKEYBOARD\:true;CompositeCcUSBJjCOMPOSITEJjCore\:true;CompositeCcUSBJjCOMPOSITEJjMSCIiBOT\:true;CompositeCcUSBJjCOMPOSITEJjCOMPOSITE\:true;CompositeCcUSBJjCOMPOSITEJjCDCIiACM\:true;
CAD.formats=[]
CAD.pinconfig=Dual
CAD.provider=
File.Version=6
GPIO.groupedBy=Group By Peripherals
KeepUserPlacement=false
Mcu.CPN=STM32L151C8T6A
Mcu.Family=STM32L1
Mcu.IP0=ADC
Mcu.IP1=NVIC
Mcu.IP2=RCC
Mcu.IP3=RTC
Mcu.IP4=SYS
Mcu.IP5=TIM6
Mcu.IP6=TIM7
Mcu.IP7=USB
Mcu.IPNb=8
Mcu.Name=STM32L151C(6-8-B)TxA
Mcu.Package=LQFP48
Mcu.Pin0=PC14-OSC32_IN
Mcu.Pin1=PC15-OSC32_OUT
Mcu.Pin10=PB0
Mcu.Pin11=PB1
Mcu.Pin12=PB10
Mcu.Pin13=VDD
Mcu.Pin14=PB12
Mcu.Pin15=PB13
Mcu.Pin16=PB14
Mcu.Pin17=PB15
Mcu.Pin18=PA8
Mcu.Pin19=PA9
Mcu.Pin2=PH0-OSC_IN
Mcu.Pin20=PA11
Mcu.Pin21=PA12
Mcu.Pin22=PA13
Mcu.Pin23=PA14
Mcu.Pin24=PA15
Mcu.Pin25=PB6
Mcu.Pin26=PB7
Mcu.Pin27=PB8
Mcu.Pin28=PB9
Mcu.Pin29=VP_RTC_VS_RTC_Activate
Mcu.Pin3=PH1-OSC_OUT
Mcu.Pin30=VP_SYS_VS_Systick
Mcu.Pin31=VP_TIM6_VS_ClockSourceINT
Mcu.Pin32=VP_TIM7_VS_ClockSourceINT
Mcu.Pin33=VP_TIM7_VS_OPM
Mcu.Pin34=VP_AL94.I-CUBE-USBD-COMPOSITE_VS_USBJjComposite_1.0.0_1.0.3
Mcu.Pin4=PA1
Mcu.Pin5=PA2
Mcu.Pin6=PA3
Mcu.Pin7=PA5
Mcu.Pin8=PA6
Mcu.Pin9=PA7
Mcu.PinsNb=35
Mcu.ThirdParty0=AL94.I-CUBE-USBD-COMPOSITE.1.0.3
Mcu.ThirdPartyNb=1
Mcu.UserConstants=
Mcu.UserName=STM32L151C8TxA
MxCube.Version=6.9.2
MxDb.Version=DB.6.0.92
NVIC.BusFault_IRQn=true\:0\:0\:false\:false\:true\:false\:false\:false
NVIC.DebugMonitor_IRQn=true\:0\:0\:false\:false\:true\:false\:false\:false
NVIC.ForceEnableDMAVector=true
NVIC.HardFault_IRQn=true\:0\:0\:false\:false\:true\:false\:false\:false
NVIC.MemoryManagement_IRQn=true\:0\:0\:false\:false\:true\:false\:false\:false
NVIC.NonMaskableInt_IRQn=true\:0\:0\:false\:false\:true\:false\:false\:false
NVIC.PendSV_IRQn=true\:0\:0\:false\:false\:true\:false\:false\:false
NVIC.PriorityGroup=NVIC_PRIORITYGROUP_4
NVIC.SVC_IRQn=true\:0\:0\:false\:false\:true\:false\:false\:true
NVIC.SysTick_IRQn=true\:15\:0\:false\:false\:true\:false\:true\:false
NVIC.TIM6_IRQn=true\:0\:0\:false\:false\:true\:true\:true\:true
NVIC.TIM7_IRQn=true\:0\:0\:false\:false\:true\:true\:true\:true
NVIC.USB_HP_IRQn=true\:0\:0\:false\:false\:true\:true\:true\:true
NVIC.USB_LP_IRQn=true\:0\:0\:false\:false\:true\:true\:true\:true
NVIC.UsageFault_IRQn=true\:0\:0\:false\:false\:true\:false\:false\:false
PA1.GPIOParameters=GPIO_PuPd,GPIO_Label
PA1.GPIO_Label=SW7
PA1.GPIO_PuPd=GPIO_PULLUP
PA1.Locked=true
PA1.Signal=GPIO_Input
PA11.Mode=Device
PA11.Signal=USB_DM
PA12.Mode=Device
PA12.Signal=USB_DP
PA13.Mode=Serial_Wire
PA13.Signal=SYS_JTMS-SWDIO
PA14.Mode=Serial_Wire
PA14.Signal=SYS_JTCK-SWCLK
PA15.GPIOParameters=GPIO_PuPd,GPIO_Label
PA15.GPIO_Label=SW2
PA15.GPIO_PuPd=GPIO_PULLUP
PA15.Locked=true
PA15.Signal=GPIO_Input
PA2.GPIOParameters=GPIO_PuPd,GPIO_Label
PA2.GPIO_Label=SW4
PA2.GPIO_PuPd=GPIO_PULLUP
PA2.Locked=true
PA2.Signal=GPIO_Input
PA3.GPIOParameters=GPIO_Label
PA3.GPIO_Label=DCDC_EN
PA3.Locked=true
PA3.Signal=GPIO_Output
PA5.GPIOParameters=GPIO_PuPd,GPIO_Label
PA5.GPIO_Label=SW8
PA5.GPIO_PuPd=GPIO_PULLUP
PA5.Locked=true
PA5.Signal=GPIO_Input
PA6.GPIOParameters=GPIO_PuPd,GPIO_Label
PA6.GPIO_Label=SW6
PA6.GPIO_PuPd=GPIO_PULLUP
PA6.Locked=true
PA6.Signal=GPIO_Input
PA7.GPIOParameters=GPIO_PuPd,GPIO_Label
PA7.GPIO_Label=SW5
PA7.GPIO_PuPd=GPIO_PULLUP
PA7.Locked=true
PA7.Signal=GPIO_Input
PA8.GPIOParameters=GPIO_Label
PA8.GPIO_Label=ADC_EN
PA8.Locked=true
PA8.Signal=GPIO_Output
PA9.GPIOParameters=GPIO_PuPd,GPIO_Label
PA9.GPIO_Label=SW1
PA9.GPIO_PuPd=GPIO_PULLUP
PA9.Locked=true
PA9.Signal=GPIO_Input
PB0.GPIOParameters=GPIO_PuPd,GPIO_Label
PB0.GPIO_Label=JOY_CCW
PB0.GPIO_PuPd=GPIO_PULLUP
PB0.Locked=true
PB0.Signal=GPIO_Input
PB1.GPIOParameters=GPIO_PuPd,GPIO_Label
PB1.GPIO_Label=JOY_GND
PB1.GPIO_PuPd=GPIO_PULLUP
PB1.Locked=true
PB1.Signal=GPIO_Input
PB10.GPIOParameters=GPIO_PuPd,GPIO_Label
PB10.GPIO_Label=JOY_CW
PB10.GPIO_PuPd=GPIO_PULLUP
PB10.Locked=true
PB10.Signal=GPIO_Input
PB12.GPIOParameters=GPIO_Label
PB12.GPIO_Label=OLED_CS
PB12.Locked=true
PB12.Signal=GPIO_Output
PB13.GPIOParameters=GPIO_Speed,GPIO_Label
PB13.GPIO_Label=OLES_SSPI_MOSI
PB13.GPIO_Speed=GPIO_SPEED_FREQ_VERY_HIGH
PB13.Locked=true
PB13.Signal=GPIO_Output
PB14.Locked=true
PB14.Mode=IN20
PB14.Signal=ADC_IN20
PB15.GPIOParameters=GPIO_Speed,GPIO_Label
PB15.GPIO_Label=OLES_SSPI_SCK
PB15.GPIO_Speed=GPIO_SPEED_FREQ_VERY_HIGH
PB15.Locked=true
PB15.Signal=GPIO_Output
PB6.GPIOParameters=GPIO_PuPd,GPIO_Label
PB6.GPIO_Label=SW3
PB6.GPIO_PuPd=GPIO_PULLUP
PB6.Locked=true
PB6.Signal=GPIO_Input
PB7.GPIOParameters=GPIO_Label
PB7.GPIO_Label=VBUS_EN
PB7.Locked=true
PB7.Signal=GPIO_Output
PB8.GPIOParameters=GPIO_Label
PB8.GPIO_Label=OLED_DC
PB8.Locked=true
PB8.Signal=GPIO_Output
PB9.GPIOParameters=GPIO_Label
PB9.GPIO_Label=OLED_RES
PB9.Locked=true
PB9.Signal=GPIO_Output
PC14-OSC32_IN.Mode=LSE-External-Oscillator
PC14-OSC32_IN.Signal=RCC_OSC32_IN
PC15-OSC32_OUT.Mode=LSE-External-Oscillator
PC15-OSC32_OUT.Signal=RCC_OSC32_OUT
PCC.Checker=true
PCC.Line=STM32L151/152
PCC.MCU=STM32L151C(6-8-B)TxA
PCC.PartNumber=STM32L151C8TxA
PCC.Seq0=2
PCC.Seq0.Step0.Average_Current=8.25 mA
PCC.Seq0.Step0.CPU_Frequency=32 MHz
PCC.Seq0.Step0.Category=In DS Table
PCC.Seq0.Step0.DMIPS=33.0
PCC.Seq0.Step0.Duration=0.14 ms
PCC.Seq0.Step0.Frequency=16 MHz
PCC.Seq0.Step0.Memory=FLASH
PCC.Seq0.Step0.Mode=RUN
PCC.Seq0.Step0.Oscillator=HSEBYP PLL
PCC.Seq0.Step0.Peripherals=
PCC.Seq0.Step0.TaMax=103.64
PCC.Seq0.Step0.User's_Consumption=0 mA
PCC.Seq0.Step0.Vcore=Range1-High
PCC.Seq0.Step0.Vdd=3.0
PCC.Seq0.Step0.Voltage_Source=Battery
PCC.Seq0.Step1.Average_Current=434 nA
PCC.Seq0.Step1.CPU_Frequency=0 Hz
PCC.Seq0.Step1.Category=In DS Table
PCC.Seq0.Step1.DMIPS=0.0
PCC.Seq0.Step1.Duration=0.86 ms
PCC.Seq0.Step1.Frequency=0 Hz
PCC.Seq0.Step1.Memory=n/a
PCC.Seq0.Step1.Mode=STOP
PCC.Seq0.Step1.Oscillator=ALL CLOCKS OFF
PCC.Seq0.Step1.Peripherals=
PCC.Seq0.Step1.TaMax=105
PCC.Seq0.Step1.User's_Consumption=0 mA
PCC.Seq0.Step1.Vcore=NoRange
PCC.Seq0.Step1.Vdd=3.0
PCC.Seq0.Step1.Voltage_Source=Battery
PCC.Series=STM32L1
PCC.Temperature=25
PCC.Vdd=3.0
PH0-OSC_IN.Mode=HSE-External-Oscillator
PH0-OSC_IN.Signal=RCC_OSC_IN
PH1-OSC_OUT.Mode=HSE-External-Oscillator
PH1-OSC_OUT.Signal=RCC_OSC_OUT
PinOutPanel.RotationAngle=0
ProjectManager.AskForMigrate=true
ProjectManager.BackupPrevious=false
ProjectManager.CompilerOptimize=6
ProjectManager.ComputerToolchain=false
ProjectManager.CoupleFile=true
ProjectManager.CustomerFirmwarePackage=
ProjectManager.DefaultFWLocation=true
ProjectManager.DeletePrevious=true
ProjectManager.DeviceId=STM32L151C8TxA
ProjectManager.FirmwarePackage=STM32Cube FW_L1 V1.10.4
ProjectManager.FreePins=true
ProjectManager.HalAssertFull=false
ProjectManager.HeapSize=0x1600
ProjectManager.KeepUserCode=true
ProjectManager.LastFirmware=true
ProjectManager.LibraryCopy=0
ProjectManager.MainLocation=Core/Src
ProjectManager.NoMain=false
ProjectManager.PreviousToolchain=
ProjectManager.ProjectBuild=false
ProjectManager.ProjectFileName=Keyholder.ioc
ProjectManager.ProjectName=Keyholder
ProjectManager.ProjectStructure=
ProjectManager.RegisterCallBack=
ProjectManager.StackSize=0x800
ProjectManager.TargetToolchain=MDK-ARM V5.32
ProjectManager.ToolChainLocation=
ProjectManager.UAScriptAfterPath=
ProjectManager.UAScriptBeforePath=
ProjectManager.UnderRoot=false
ProjectManager.functionlistsort=1-SystemClock_Config-RCC-false-HAL-false,2-MX_GPIO_Init-GPIO-false-HAL-true,3-MX_TIM6_Init-TIM6-false-HAL-true,4-MX_TIM7_Init-TIM7-false-HAL-true,5-MX_ADC_Init-ADC-false-HAL-true,6-MX_RTC_Init-RTC-false-HAL-true,7-MX_USB_PCD_Init-USB-false-HAL-true
RCC.48MHZClocksFreq_Value=48000000
RCC.AHBFreq_Value=32000000
RCC.APB1Freq_Value=32000000
RCC.APB1TimFreq_Value=32000000
RCC.APB2Freq_Value=32000000
RCC.APB2TimFreq_Value=32000000
RCC.FCLKCortexFreq_Value=32000000
RCC.FamilyName=M
RCC.HCLKFreq_Value=32000000
RCC.HSE_VALUE=24000000
RCC.HSI_VALUE=16000000
RCC.IPParameters=48MHZClocksFreq_Value,AHBFreq_Value,APB1Freq_Value,APB1TimFreq_Value,APB2Freq_Value,APB2TimFreq_Value,FCLKCortexFreq_Value,FamilyName,HCLKFreq_Value,HSE_VALUE,HSI_VALUE,LSI_VALUE,MCOPinFreq_Value,MSI_VALUE,PLLCLKFreq_Value,PLLDIV,PLLMUL,PWRFreq_Value,RTCFreq_Value,RTCHSEDivFreq_Value,SYSCLKFreq_VALUE,SYSCLKSource,TIMFreq_Value,TimerFreq_Value,VCOInputFreq_Value,VCOOutputFreq_Value
RCC.LSI_VALUE=37000
RCC.MCOPinFreq_Value=32000000
RCC.MSI_VALUE=2097000
RCC.PLLCLKFreq_Value=32000000
RCC.PLLDIV=RCC_PLL_DIV3
RCC.PLLMUL=RCC_PLL_MUL4
RCC.PWRFreq_Value=32000000
RCC.RTCFreq_Value=37000
RCC.RTCHSEDivFreq_Value=12000000
RCC.SYSCLKFreq_VALUE=32000000
RCC.SYSCLKSource=RCC_SYSCLKSOURCE_PLLCLK
RCC.TIMFreq_Value=32000000
RCC.TimerFreq_Value=32000000
RCC.VCOInputFreq_Value=24000000
RCC.VCOOutputFreq_Value=96000000
TIM6.IPParameters=Prescaler,Period
TIM6.Period=9999
TIM6.Prescaler=23
TIM7.IPParameters=Prescaler,Period,TIM_MasterOutputTrigger
TIM7.Period=8000
TIM7.Prescaler=10000
TIM7.TIM_MasterOutputTrigger=TIM_TRGO_RESET
USB.IPParameters=low_power_enable,lpm_enable
USB.low_power_enable=DISABLE
USB.lpm_enable=ENABLE
VDD.Locked=true
VP_AL94.I-CUBE-USBD-COMPOSITE_VS_USBJjComposite_1.0.0_1.0.3.Mode=USBJjComposite
VP_AL94.I-CUBE-USBD-COMPOSITE_VS_USBJjComposite_1.0.0_1.0.3.Signal=AL94.I-CUBE-USBD-COMPOSITE_VS_USBJjComposite_1.0.0_1.0.3
VP_RTC_VS_RTC_Activate.Mode=RTC_Enabled
VP_RTC_VS_RTC_Activate.Signal=RTC_VS_RTC_Activate
VP_SYS_VS_Systick.Mode=SysTick
VP_SYS_VS_Systick.Signal=SYS_VS_Systick
VP_TIM6_VS_ClockSourceINT.Mode=Enable_Timer
VP_TIM6_VS_ClockSourceINT.Signal=TIM6_VS_ClockSourceINT
VP_TIM7_VS_ClockSourceINT.Mode=Enable_Timer
VP_TIM7_VS_ClockSourceINT.Signal=TIM7_VS_ClockSourceINT
VP_TIM7_VS_OPM.Mode=OPM_bit
VP_TIM7_VS_OPM.Signal=TIM7_VS_OPM
board=custom
